# This file is autogenerated, do not edit; changes may be undone by the next 'dep ensure'.


[[projects]]
  name = "github.com/Sirupsen/logrus"
  packages = ["."]
  revision = "d682213848ed68c0a260ca37d6dd5ace8423f5ba"
  version = "v1.0.4"

[[projects]]
  name = "github.com/cskr/pubsub"
  packages = ["."]
  revision = "a1dc30a0b38055a251f1f04ceb4cc1c7207b0540"
  version = "v1.0.1"

[[projects]]
  branch = "master"
  name = "github.com/davecheney/gpio"
  packages = ["."]
  revision = "a6de66e7e47065fca1a55c62c3f3cab3144694e6"

[[projects]]
  name = "github.com/gofrs/uuid"
  packages = ["."]
  revision = "f58768cc1a7a7e77a3bd49e98cdd21419399b6a3"
  version = "v1.2.0"

[[projects]]
  branch = "master"
  name = "github.com/kardianos/osext"
  packages = ["."]
  revision = "ae77be60afb1dcacde03767a8c37337fad28ac14"

[[projects]]
  branch = "master"
  name = "github.com/kr/binarydist"
  packages = ["."]
  revision = "3035450ff8b987ec4373f65c40767f096b35f2d2"

[[projects]]
  branch = "master"
  name = "github.com/rferrazz/go-selfupdate"
  packages = ["selfupdate"]
  revision = "021ed3dc246937cd331b09e4ab3634903326f064"

[[projects]]
  name = "github.com/stianeikeland/go-rpio"
  packages = ["."]
  revision = "a6b0dffd47b6b1ddf7f1bfe2144f05bf335e911d"
  version = "4.0.0"

[[projects]]
  name = "github.com/thoas/go-funk"
  packages = ["."]
  revision = "14304e8530de7dbb909c8305591b3a8370dd9dbb"
  version = "0.2"

[[projects]]
  branch = "master"
  name = "golang.org/x/crypto"
  packages = ["ssh/terminal"]
  revision = "49796115aa4b964c318aad4f3084fdb41e9aa067"

[[projects]]
  branch = "master"
  name = "golang.org/x/sys"
  packages = [
    "unix",
    "windows"
  ]
  revision = "c1138c84af3a9927aee1a1b8b7ce06c9b7ea52bc"

[[projects]]
  branch = "v0"
  name = "gopkg.in/inconshreveable/go-update.v0"
  packages = [
    ".",
    "download"
  ]
  revision = "d8b0b1d421aa1cbf392c05869f8abbc669bb7066"

[solve-meta]
  analyzer-name = "dep"
  analyzer-version = 1
  inputs-digest = "770bc1edbe7bd166874f2f888e73981e802c7f53df6edafd8e8b1dbf54ac8408"
  solver-name = "gps-cdcl"
  solver-version = 1
